
Microsoft Visual Studio Solution File, Format Version 12.00
# Visual Studio 14
VisualStudioVersion = 14.0.22823.1
MinimumVisualStudioVersion = 10.0.40219.1
Project("{FAE04EC0-301F-11D3-BF4B-00C04F79EFBC}") = "Owin.HelloWorld", "Owin.HelloWorld\Owin.HelloWorld.csproj", "{7770974A-6799-4B45-82F7-A12A46950DF1}"
EndProject
Project("{FAE04EC0-301F-11D3-BF4B-00C04F79EFBC}") = "Ballance.Streaming.Library", "Ballance.Streaming\Ballance.Streaming.Library.csproj", "{2F257B0D-46CB-4091-B9AF-206FA17C2479}"
EndProject
Project("{FAE04EC0-301F-11D3-BF4B-00C04F79EFBC}") = "Ballance.Streaming.Library.Tests", "Ballance.Streaming.Library.Tests\Ballance.Streaming.Library.Tests.csproj", "{703CCC39-4769-4E37-B171-C849B1DC9217}"
EndProject
Project("{FAE04EC0-301F-11D3-BF4B-00C04F79EFBC}") = "Ballance.Streaming.ConsoleRunner", "Ballance.Streaming.Console\Ballance.Streaming.ConsoleRunner.csproj", "{680F7C87-1A44-4BA0-B691-B20611074C2F}"
EndProject
Global
	GlobalSection(SolutionConfigurationPlatforms) = preSolution
		Debug|Any CPU = Debug|Any CPU
		Release|Any CPU = Release|Any CPU
	EndGlobalSection
	GlobalSection(ProjectConfigurationPlatforms) = postSolution
		{7770974A-6799-4B45-82F7-A12A46950DF1}.Debug|Any CPU.ActiveCfg = Debug|Any CPU
		{7770974A-6799-4B45-82F7-A12A46950DF1}.Debug|Any CPU.Build.0 = Debug|Any CPU
		{7770974A-6799-4B45-82F7-A12A46950DF1}.Release|Any CPU.ActiveCfg = Release|Any CPU
		{7770974A-6799-4B45-82F7-A12A46950DF1}.Release|Any CPU.Build.0 = Release|Any CPU
		{2F257B0D-46CB-4091-B9AF-206FA17C2479}.Debug|Any CPU.ActiveCfg = Debug|Any CPU
		{2F257B0D-46CB-4091-B9AF-206FA17C2479}.Debug|Any CPU.Build.0 = Debug|Any CPU
		{2F257B0D-46CB-4091-B9AF-206FA17C2479}.Release|Any CPU.ActiveCfg = Release|Any CPU
		{2F257B0D-46CB-4091-B9AF-206FA17C2479}.Release|Any CPU.Build.0 = Release|Any CPU
		{703CCC39-4769-4E37-B171-C849B1DC9217}.Debug|Any CPU.ActiveCfg = Debug|Any CPU
		{703CCC39-4769-4E37-B171-C849B1DC9217}.Debug|Any CPU.Build.0 = Debug|Any CPU
		{703CCC39-4769-4E37-B171-C849B1DC9217}.Release|Any CPU.ActiveCfg = Release|Any CPU
		{703CCC39-4769-4E37-B171-C849B1DC9217}.Release|Any CPU.Build.0 = Release|Any CPU
		{680F7C87-1A44-4BA0-B691-B20611074C2F}.Debug|Any CPU.ActiveCfg = Debug|Any CPU
		{680F7C87-1A44-4BA0-B691-B20611074C2F}.Debug|Any CPU.Build.0 = Debug|Any CPU
		{680F7C87-1A44-4BA0-B691-B20611074C2F}.Release|Any CPU.ActiveCfg = Release|Any CPU
		{680F7C87-1A44-4BA0-B691-B20611074C2F}.Release|Any CPU.Build.0 = Release|Any CPU
	EndGlobalSection
	GlobalSection(SolutionProperties) = preSolution
		HideSolutionNode = FALSE
	EndGlobalSection
EndGlobal
